
Microsoft Visual Studio Solution File, Format Version 12.00
# Visual Studio Version 17
VisualStudioVersion = 17.14.36414.22 d17.14
MinimumVisualStudioVersion = 10.0.40219.1
Project("{FAE04EC0-301F-11D3-BF4B-00C04F79EFBC}") = "NLog.WindowsRegistry", "src\NLog.WindowsRegistry\NLog.WindowsRegistry.csproj", "{B18DD7E9-22BD-4727-F9BD-9C95260BC96A}"
EndProject
Project("{FAE04EC0-301F-11D3-BF4B-00C04F79EFBC}") = "NLog.WindowsRegistry.Tests", "tests\NLog.WindowsRegistry.Tests\NLog.WindowsRegistry.Tests.csproj", "{EE5A6AA4-F1FF-93D6-1413-3B6188D790A9}"
EndProject
Project("{2150E333-8FDC-42A3-9474-1A3956D46DE8}") = "Solution Items", "Solution Items", "{8EC462FD-D22E-90A8-E5CE-7E832BA40C5D}"
	ProjectSection(SolutionItems) = preProject
		appveyor.yml = appveyor.yml
	EndProjectSection
EndProject
Global
	GlobalSection(SolutionConfigurationPlatforms) = preSolution
		Debug|Any CPU = Debug|Any CPU
		Release|Any CPU = Release|Any CPU
	EndGlobalSection
	GlobalSection(ProjectConfigurationPlatforms) = postSolution
		{B18DD7E9-22BD-4727-F9BD-9C95260BC96A}.Debug|Any CPU.ActiveCfg = Debug|Any CPU
		{B18DD7E9-22BD-4727-F9BD-9C95260BC96A}.Debug|Any CPU.Build.0 = Debug|Any CPU
		{B18DD7E9-22BD-4727-F9BD-9C95260BC96A}.Release|Any CPU.ActiveCfg = Release|Any CPU
		{B18DD7E9-22BD-4727-F9BD-9C95260BC96A}.Release|Any CPU.Build.0 = Release|Any CPU
		{EE5A6AA4-F1FF-93D6-1413-3B6188D790A9}.Debug|Any CPU.ActiveCfg = Debug|Any CPU
		{EE5A6AA4-F1FF-93D6-1413-3B6188D790A9}.Debug|Any CPU.Build.0 = Debug|Any CPU
		{EE5A6AA4-F1FF-93D6-1413-3B6188D790A9}.Release|Any CPU.ActiveCfg = Release|Any CPU
		{EE5A6AA4-F1FF-93D6-1413-3B6188D790A9}.Release|Any CPU.Build.0 = Release|Any CPU
	EndGlobalSection
	GlobalSection(SolutionProperties) = preSolution
		HideSolutionNode = FALSE
	EndGlobalSection
	GlobalSection(ExtensibilityGlobals) = postSolution
		SolutionGuid = {E85071A2-3B11-4DC7-96DC-824BD568ED26}
	EndGlobalSection
EndGlobal
